
Microsoft Visual Studio Solution File, Format Version 12.00
Project("{FAE04EC0-301F-11D3-BF4B-00C04F79EFBC}") = "IdeaPicker", "IdeaPicker\IdeaPicker.csproj", "{BCC36774-5155-4B37-9C15-D2144ADDA1F9}"
EndProject
Global
	GlobalSection(SolutionConfigurationPlatforms) = preSolution
		Debug|Any CPU = Debug|Any CPU
		Release|Any CPU = Release|Any CPU
	EndGlobalSection
	GlobalSection(ProjectConfigurationPlatforms) = postSolution
		{BCC36774-5155-4B37-9C15-D2144ADDA1F9}.Debug|Any CPU.ActiveCfg = Debug|Any CPU
		{BCC36774-5155-4B37-9C15-D2144ADDA1F9}.Debug|Any CPU.Build.0 = Debug|Any CPU
		{BCC36774-5155-4B37-9C15-D2144ADDA1F9}.Release|Any CPU.ActiveCfg = Release|Any CPU
		{BCC36774-5155-4B37-9C15-D2144ADDA1F9}.Release|Any CPU.Build.0 = Release|Any CPU
	EndGlobalSection
EndGlobal
